{
    "_readme": [
        "This file locks the dependencies of your project to a known state",
        "Read more about it at http://getcomposer.org/doc/01-basic-usage.md#composer-lock-the-lock-file",
        "This file is @generated automatically"
    ],
    "hash": "9415ecfce67968d633483a204b569e29",
    "packages": [
        {
            "name": "league/shunt",
            "version": "v2.1.1",
            "source": {
                "type": "git",
                "url": "https://github.com/thephpleague/shunt.git",
                "reference": "d95d83fb01e4648dd02b1f7aeb8b631581a3b33d"
            },
            "dist": {
                "type": "zip",
                "url": "https://api.github.com/repos/thephpleague/shunt/zipball/d95d83fb01e4648dd02b1f7aeb8b631581a3b33d",
                "reference": "d95d83fb01e4648dd02b1f7aeb8b631581a3b33d",
                "shasum": ""
            },
            "require": {
                "ext-ssh2": ">=0.12",
                "php": ">=5.3.3",
                "symfony/console": "~2.3"
            },
            "replace": {
                "league/grunt": "*"
            },
            "require-dev": {
                "league/phpunit-coverage-listener": "~1.0",
                "phpunit/phpunit": "~3.7.10",
                "symfony/finder": "~2.2",
                "symfony/process": "~2.1@dev"
            },
            "bin": [
                "bin/shunt"
            ],
            "type": "library",
            "autoload": {
                "psr-0": {
                    "League\\Shunt": "src/"
                }
            },
            "notification-url": "https://packagist.org/downloads/",
            "license": [
                "MIT"
            ],
            "authors": [
                {
                    "name": "Taufan Aditya",
                    "email": "toopay@taufanaditya.com",
                    "homepage": "http://taufanaditya.com",
                    "role": "lead"
                }
            ],
            "description": "PHP library for executing commands in parallel on multiple remote machines, via SSH",
            "homepage": "https://github.com/php-loep/shunt",
            "keywords": [
                "ssh"
            ],
            "time": "2013-10-28 06:10:58"
        },
        {
            "name": "liip/rmt",
            "version": "1.0.4",
            "source": {
                "type": "git",
                "url": "https://github.com/liip/RMT.git",
                "reference": "62df1d5173a85721a3cd7abdd5ac4622ee02a492"
            },
            "dist": {
                "type": "zip",
                "url": "https://api.github.com/repos/liip/RMT/zipball/62df1d5173a85721a3cd7abdd5ac4622ee02a492",
                "reference": "62df1d5173a85721a3cd7abdd5ac4622ee02a492",
                "shasum": ""
            },
            "require": {
                "php": ">=5.3.3",
                "symfony/console": "~2.0",
                "symfony/process": "~2.0",
                "symfony/yaml": "~2.0"
            },
            "bin": [
                "RMT"
            ],
            "type": "library",
            "autoload": {
                "psr-0": {
                    "Liip": "src"
                }
            },
            "notification-url": "https://packagist.org/downloads/",
            "license": [
                "MIT"
            ],
            "authors": [
                {
                    "name": "Laurent Prodon",
                    "email": "laurent.prodon@liip.ch",
                    "role": "Developer"
                },
                {
                    "name": "David Jeanmonod",
                    "email": "david.jeanmonod@liip.ch",
                    "role": "Developer"
                }
            ],
            "description": "Release Managment Tool: a handy tool to help releasing new version of your software",
            "homepage": "http://github.com/liip/RMT",
            "keywords": [
                "post-release",
                "pre-release",
                "release",
                "semantic versioning",
                "vcs tag",
                "version"
            ],
            "time": "2014-04-03 20:45:34"
        },
        {
            "name": "luxifer/symfony-repl",
            "version": "dev-master",
            "source": {
                "type": "git",
                "url": "https://github.com/luxifer/symfony-repl.git",
                "reference": "2941794c8142f4b24dd71c8b60253dd44b4351c8"
            },
            "dist": {
                "type": "zip",
                "url": "https://api.github.com/repos/luxifer/symfony-repl/zipball/2941794c8142f4b24dd71c8b60253dd44b4351c8",
                "reference": "2941794c8142f4b24dd71c8b60253dd44b4351c8",
                "shasum": ""
            },
            "require": {
                "psy/psysh": "~0.1.8"
            },
            "bin": [
                "bin/symfony-repl"
            ],
            "type": "library",
            "notification-url": "https://packagist.org/downloads/",
            "license": [
                "MIT"
            ],
            "authors": [
                {
                    "name": "Florent Viel",
                    "email": "florent.viel69@gmail.com",
                    "homepage": "http://florentviel.com"
                }
            ],
            "description": "symfony REPL on top of psysh",
            "keywords": [
                "REPL",
                "console",
                "interactive",
                "shell",
                "symfony"
            ],
            "time": "2014-05-02 17:39:52"
        },
        {
            "name": "nikic/php-parser",
            "version": "v0.9.5",
            "source": {
                "type": "git",
                "url": "https://github.com/nikic/PHP-Parser.git",
                "reference": "ef70767475434bdb3615b43c327e2cae17ef12eb"
            },
            "dist": {
                "type": "zip",
                "url": "https://api.github.com/repos/nikic/PHP-Parser/zipball/ef70767475434bdb3615b43c327e2cae17ef12eb",
                "reference": "ef70767475434bdb3615b43c327e2cae17ef12eb",
                "shasum": ""
            },
            "require": {
                "ext-tokenizer": "*",
                "php": ">=5.2"
            },
            "type": "library",
            "extra": {
                "branch-alias": {
                    "dev-master": "0.9-dev"
                }
            },
            "autoload": {
                "psr-0": {
                    "PHPParser": "lib/"
                }
            },
            "notification-url": "https://packagist.org/downloads/",
            "license": [
                "BSD-3-Clause"
            ],
            "authors": [
                {
                    "name": "Nikita Popov"
                }
            ],
            "description": "A PHP parser written in PHP",
            "keywords": [
                "parser",
                "php"
            ],
            "time": "2014-07-23 18:24:17"
        },
        {
            "name": "psy/psysh",
            "version": "v0.1.12",
            "source": {
                "type": "git",
                "url": "https://github.com/bobthecow/psysh.git",
                "reference": "b69799e14bea3c0e3d0f3e99dabe2026303ef21f"
            },
            "dist": {
                "type": "zip",
                "url": "https://api.github.com/repos/bobthecow/psysh/zipball/b69799e14bea3c0e3d0f3e99dabe2026303ef21f",
                "reference": "b69799e14bea3c0e3d0f3e99dabe2026303ef21f",
                "shasum": ""
            },
            "require": {
                "nikic/php-parser": "~0.9.3",
                "php": ">=5.3.0",
                "symfony/console": ">=2.3.10, <2.6.0"
            },
            "require-dev": {
                "phpunit/phpunit": ">=3.7, <4.1",
                "symfony/finder": "~2.1"
            },
            "suggest": {
                "ext-pcntl": "Enabling the PCNTL extension makes PsySH a lot happier :)"
            },
            "bin": [
                "bin/psysh"
            ],
            "type": "library",
            "extra": {
                "branch-alias": {
                    "dev-master": "0.1.0-dev"
                }
            },
            "autoload": {
                "psr-0": {
                    "Psy\\": "src/"
                }
            },
            "notification-url": "https://packagist.org/downloads/",
            "license": [
                "MIT"
            ],
            "authors": [
                {
                    "name": "Justin Hileman",
                    "email": "justin@justinhileman.info",
                    "homepage": "http://justinhileman.com"
                }
            ],
            "description": "An interactive shell for modern PHP.",
            "homepage": "https://github.com/bobthecow/psysh",
            "keywords": [
                "REPL",
                "console",
                "interactive",
                "shell"
            ],
            "time": "2014-08-16 06:49:39"
        },
        {
            "name": "symfony/console",
            "version": "v2.5.3",
            "target-dir": "Symfony/Component/Console",
            "source": {
                "type": "git",
                "url": "https://github.com/symfony/Console.git",
                "reference": "cd2d1e4bac2206b337326b0140ff475fe9ad5f63"
            },
            "dist": {
                "type": "zip",
                "url": "https://api.github.com/repos/symfony/Console/zipball/cd2d1e4bac2206b337326b0140ff475fe9ad5f63",
                "reference": "cd2d1e4bac2206b337326b0140ff475fe9ad5f63",
                "shasum": ""
            },
            "require": {
                "php": ">=5.3.3"
            },
            "require-dev": {
                "psr/log": "~1.0",
                "symfony/event-dispatcher": "~2.1"
            },
            "suggest": {
                "psr/log": "For using the console logger",
                "symfony/event-dispatcher": ""
            },
            "type": "library",
            "extra": {
                "branch-alias": {
                    "dev-master": "2.5-dev"
                }
            },
            "autoload": {
                "psr-0": {
                    "Symfony\\Component\\Console\\": ""
                }
            },
            "notification-url": "https://packagist.org/downloads/",
            "license": [
                "MIT"
            ],
            "authors": [
                {
                    "name": "Symfony Community",
                    "homepage": "http://symfony.com/contributors"
                },
                {
                    "name": "Fabien Potencier",
                    "email": "fabien@symfony.com"
                }
            ],
            "description": "Symfony Console Component",
            "homepage": "http://symfony.com",
            "time": "2014-08-05 09:00:40"
        },
        {
            "name": "symfony/process",
            "version": "v2.5.3",
            "target-dir": "Symfony/Component/Process",
            "source": {
                "type": "git",
                "url": "https://github.com/symfony/Process.git",
                "reference": "e0997d2a9a1a763484b34b989900b61322a9b056"
            },
            "dist": {
                "type": "zip",
                "url": "https://api.github.com/repos/symfony/Process/zipball/e0997d2a9a1a763484b34b989900b61322a9b056",
                "reference": "e0997d2a9a1a763484b34b989900b61322a9b056",
                "shasum": ""
            },
            "require": {
                "php": ">=5.3.3"
            },
            "type": "library",
            "extra": {
                "branch-alias": {
                    "dev-master": "2.5-dev"
                }
            },
            "autoload": {
                "psr-0": {
                    "Symfony\\Component\\Process\\": ""
                }
            },
            "notification-url": "https://packagist.org/downloads/",
            "license": [
                "MIT"
            ],
            "authors": [
                {
                    "name": "Symfony Community",
                    "homepage": "http://symfony.com/contributors"
                },
                {
                    "name": "Fabien Potencier",
                    "email": "fabien@symfony.com"
                }
            ],
            "description": "Symfony Process Component",
            "homepage": "http://symfony.com",
            "time": "2014-08-05 09:00:40"
        },
        {
            "name": "symfony/yaml",
            "version": "v2.5.3",
            "target-dir": "Symfony/Component/Yaml",
            "source": {
                "type": "git",
                "url": "https://github.com/symfony/Yaml.git",
                "reference": "5a75366ae9ca8b4792cd0083e4ca4dff9fe96f1f"
            },
            "dist": {
                "type": "zip",
                "url": "https://api.github.com/repos/symfony/Yaml/zipball/5a75366ae9ca8b4792cd0083e4ca4dff9fe96f1f",
                "reference": "5a75366ae9ca8b4792cd0083e4ca4dff9fe96f1f",
                "shasum": ""
            },
            "require": {
                "php": ">=5.3.3"
            },
            "type": "library",
            "extra": {
                "branch-alias": {
                    "dev-master": "2.5-dev"
                }
            },
            "autoload": {
                "psr-0": {
                    "Symfony\\Component\\Yaml\\": ""
                }
            },
            "notification-url": "https://packagist.org/downloads/",
            "license": [
                "MIT"
            ],
            "authors": [
                {
                    "name": "Symfony Community",
                    "homepage": "http://symfony.com/contributors"
                },
                {
                    "name": "Fabien Potencier",
                    "email": "fabien@symfony.com"
                }
            ],
            "description": "Symfony Yaml Component",
            "homepage": "http://symfony.com",
            "time": "2014-08-05 09:00:40"
        }
    ],
    "packages-dev": [],
    "aliases": [],
    "minimum-stability": "stable",
    "stability-flags": {
        "psy/psysh": 0,
        "luxifer/symfony-repl": 20
    },
    "prefer-stable": false,
    "platform": [],
    "platform-dev": []
}
